
Microsoft Visual Studio Solution File, Format Version 12.00
# Visual Studio Version 16
VisualStudioVersion = 16.0.810.16
MinimumVisualStudioVersion = 10.0.40219.1
Project("{FAE04EC0-301F-11D3-BF4B-00C04F79EFBC}") = "CardinalCare.Web.Blazor", "CardinalCare.Web.Blazor\CardinalCare.Web.Blazor.csproj", "{58AD6CC2-7616-4501-B9F6-179B56FC5FDF}"
EndProject
Project("{FAE04EC0-301F-11D3-BF4B-00C04F79EFBC}") = "CardinalCare.Domain", "CardinalCare.Domain\CardinalCare.Domain.csproj", "{8B2AA755-1149-4F2E-84A0-193A9CAAD81F}"
EndProject
Project("{FAE04EC0-301F-11D3-BF4B-00C04F79EFBC}") = "CardinalCare.Infrastructure", "CardinalCare.Infrastructure\CardinalCare.Infrastructure.csproj", "{6F4A1015-16EE-44C6-A265-144C62AD1D5A}"
EndProject
Global
	GlobalSection(SolutionConfigurationPlatforms) = preSolution
		Debug|Any CPU = Debug|Any CPU
		Release|Any CPU = Release|Any CPU
	EndGlobalSection
	GlobalSection(ProjectConfigurationPlatforms) = postSolution
		{58AD6CC2-7616-4501-B9F6-179B56FC5FDF}.Debug|Any CPU.ActiveCfg = Debug|Any CPU
		{58AD6CC2-7616-4501-B9F6-179B56FC5FDF}.Debug|Any CPU.Build.0 = Debug|Any CPU
		{58AD6CC2-7616-4501-B9F6-179B56FC5FDF}.Release|Any CPU.ActiveCfg = Release|Any CPU
		{58AD6CC2-7616-4501-B9F6-179B56FC5FDF}.Release|Any CPU.Build.0 = Release|Any CPU
		{8B2AA755-1149-4F2E-84A0-193A9CAAD81F}.Debug|Any CPU.ActiveCfg = Debug|Any CPU
		{8B2AA755-1149-4F2E-84A0-193A9CAAD81F}.Debug|Any CPU.Build.0 = Debug|Any CPU
		{8B2AA755-1149-4F2E-84A0-193A9CAAD81F}.Release|Any CPU.ActiveCfg = Release|Any CPU
		{8B2AA755-1149-4F2E-84A0-193A9CAAD81F}.Release|Any CPU.Build.0 = Release|Any CPU
		{6F4A1015-16EE-44C6-A265-144C62AD1D5A}.Debug|Any CPU.ActiveCfg = Debug|Any CPU
		{6F4A1015-16EE-44C6-A265-144C62AD1D5A}.Debug|Any CPU.Build.0 = Debug|Any CPU
		{6F4A1015-16EE-44C6-A265-144C62AD1D5A}.Release|Any CPU.ActiveCfg = Release|Any CPU
		{6F4A1015-16EE-44C6-A265-144C62AD1D5A}.Release|Any CPU.Build.0 = Release|Any CPU
	EndGlobalSection
	GlobalSection(SolutionProperties) = preSolution
		HideSolutionNode = FALSE
	EndGlobalSection
	GlobalSection(ExtensibilityGlobals) = postSolution
		SolutionGuid = {822F87B0-F272-4157-89CF-DE19DCBCEA2D}
	EndGlobalSection
EndGlobal
